
Microsoft Visual Studio Solution File, Format Version 12.00
# Visual Studio Version 17
VisualStudioVersion = 17.2.32526.322
MinimumVisualStudioVersion = 10.0.40219.1
Project("{FAE04EC0-301F-11D3-BF4B-00C04F79EFBC}") = "UnpluggingSocialMedia", "AllMessagesToEmail\UnpluggingSocialMedia.csproj", "{3B283097-5312-4A09-9D8A-B8D291DFAC47}"
EndProject
Project("{FAE04EC0-301F-11D3-BF4B-00C04F79EFBC}") = "UnpluggingSocialMedia.Core", "AllMessagesToEmail.Core\UnpluggingSocialMedia.Core.csproj", "{AB06F842-B672-4177-AE5E-57897EC2DEB3}"
EndProject
Global
	GlobalSection(SolutionConfigurationPlatforms) = preSolution
		Debug|Any CPU = Debug|Any CPU
		Release|Any CPU = Release|Any CPU
	EndGlobalSection
	GlobalSection(ProjectConfigurationPlatforms) = postSolution
		{3B283097-5312-4A09-9D8A-B8D291DFAC47}.Debug|Any CPU.ActiveCfg = Debug|Any CPU
		{3B283097-5312-4A09-9D8A-B8D291DFAC47}.Debug|Any CPU.Build.0 = Debug|Any CPU
		{3B283097-5312-4A09-9D8A-B8D291DFAC47}.Release|Any CPU.ActiveCfg = Release|Any CPU
		{3B283097-5312-4A09-9D8A-B8D291DFAC47}.Release|Any CPU.Build.0 = Release|Any CPU
		{AB06F842-B672-4177-AE5E-57897EC2DEB3}.Debug|Any CPU.ActiveCfg = Debug|Any CPU
		{AB06F842-B672-4177-AE5E-57897EC2DEB3}.Debug|Any CPU.Build.0 = Debug|Any CPU
		{AB06F842-B672-4177-AE5E-57897EC2DEB3}.Release|Any CPU.ActiveCfg = Release|Any CPU
		{AB06F842-B672-4177-AE5E-57897EC2DEB3}.Release|Any CPU.Build.0 = Release|Any CPU
	EndGlobalSection
	GlobalSection(SolutionProperties) = preSolution
		HideSolutionNode = FALSE
	EndGlobalSection
	GlobalSection(ExtensibilityGlobals) = postSolution
		SolutionGuid = {A4B5AE60-BBCD-4D0B-AE3D-BED7003684F8}
	EndGlobalSection
EndGlobal
